
Microsoft Visual Studio Solution File, Format Version 12.00
# Visual Studio Version 16
VisualStudioVersion = 16.0.31313.79
MinimumVisualStudioVersion = 10.0.40219.1
Project("{9A19103F-16F7-4668-BE54-9A1E7A4F7556}") = "WebApplication1", "WebApplication1\WebApplication1.csproj", "{C6A6AF96-D7DA-4B8D-9541-44C1EDD93F73}"
EndProject
Project("{9A19103F-16F7-4668-BE54-9A1E7A4F7556}") = "Repositories", "Repositories\Repositories.csproj", "{86368D12-203C-4F21-B062-2D7DE296E78B}"
EndProject
Project("{9A19103F-16F7-4668-BE54-9A1E7A4F7556}") = "Testy", "Testy\Testy.csproj", "{98955DF0-4ACE-4FEB-8849-4227D1FD3D0F}"
EndProject
Global
	GlobalSection(SolutionConfigurationPlatforms) = preSolution
		Debug|Any CPU = Debug|Any CPU
		Release|Any CPU = Release|Any CPU
	EndGlobalSection
	GlobalSection(ProjectConfigurationPlatforms) = postSolution
		{C6A6AF96-D7DA-4B8D-9541-44C1EDD93F73}.Debug|Any CPU.ActiveCfg = Debug|Any CPU
		{C6A6AF96-D7DA-4B8D-9541-44C1EDD93F73}.Debug|Any CPU.Build.0 = Debug|Any CPU
		{C6A6AF96-D7DA-4B8D-9541-44C1EDD93F73}.Release|Any CPU.ActiveCfg = Release|Any CPU
		{C6A6AF96-D7DA-4B8D-9541-44C1EDD93F73}.Release|Any CPU.Build.0 = Release|Any CPU
		{86368D12-203C-4F21-B062-2D7DE296E78B}.Debug|Any CPU.ActiveCfg = Debug|Any CPU
		{86368D12-203C-4F21-B062-2D7DE296E78B}.Debug|Any CPU.Build.0 = Debug|Any CPU
		{86368D12-203C-4F21-B062-2D7DE296E78B}.Release|Any CPU.ActiveCfg = Release|Any CPU
		{86368D12-203C-4F21-B062-2D7DE296E78B}.Release|Any CPU.Build.0 = Release|Any CPU
		{98955DF0-4ACE-4FEB-8849-4227D1FD3D0F}.Debug|Any CPU.ActiveCfg = Debug|Any CPU
		{98955DF0-4ACE-4FEB-8849-4227D1FD3D0F}.Debug|Any CPU.Build.0 = Debug|Any CPU
		{98955DF0-4ACE-4FEB-8849-4227D1FD3D0F}.Release|Any CPU.ActiveCfg = Release|Any CPU
		{98955DF0-4ACE-4FEB-8849-4227D1FD3D0F}.Release|Any CPU.Build.0 = Release|Any CPU
	EndGlobalSection
	GlobalSection(SolutionProperties) = preSolution
		HideSolutionNode = FALSE
	EndGlobalSection
	GlobalSection(ExtensibilityGlobals) = postSolution
		SolutionGuid = {297F2C3D-5CE4-4376-BA64-B13354DAE704}
	EndGlobalSection
EndGlobal
